
Microsoft Visual Studio Solution File, Format Version 12.00
# Visual Studio Version 17
VisualStudioVersion = 17.10.34928.147
MinimumVisualStudioVersion = 10.0.40219.1
Project("{00D1A9C2-B5F0-4AF3-8072-F6C62B433612}") = "AdvWorkers", "AdvWorkers\AdvWorkers.sqlproj", "{0FF57B53-EB26-4192-AEAB-E49B2AFCC4F3}"
EndProject
Global
	GlobalSection(SolutionConfigurationPlatforms) = preSolution
		Debug|Any CPU = Debug|Any CPU
		Release|Any CPU = Release|Any CPU
	EndGlobalSection
	GlobalSection(ProjectConfigurationPlatforms) = postSolution
		{0FF57B53-EB26-4192-AEAB-E49B2AFCC4F3}.Debug|Any CPU.ActiveCfg = Debug|Any CPU
		{0FF57B53-EB26-4192-AEAB-E49B2AFCC4F3}.Debug|Any CPU.Build.0 = Debug|Any CPU
		{0FF57B53-EB26-4192-AEAB-E49B2AFCC4F3}.Debug|Any CPU.Deploy.0 = Debug|Any CPU
		{0FF57B53-EB26-4192-AEAB-E49B2AFCC4F3}.Release|Any CPU.ActiveCfg = Release|Any CPU
		{0FF57B53-EB26-4192-AEAB-E49B2AFCC4F3}.Release|Any CPU.Build.0 = Release|Any CPU
		{0FF57B53-EB26-4192-AEAB-E49B2AFCC4F3}.Release|Any CPU.Deploy.0 = Release|Any CPU
	EndGlobalSection
	GlobalSection(SolutionProperties) = preSolution
		HideSolutionNode = FALSE
	EndGlobalSection
	GlobalSection(ExtensibilityGlobals) = postSolution
		SolutionGuid = {1D5DED75-9407-49B6-A6DD-295EF8A8914A}
	EndGlobalSection
EndGlobal
